
Microsoft Visual Studio Solution File, Format Version 12.00
# Visual Studio Version 16
VisualStudioVersion = 16.0.28803.202
MinimumVisualStudioVersion = 10.0.40219.1
Project("{FAE04EC0-301F-11D3-BF4B-00C04F79EFBC}") = "MinhaAPI.API", "src\MinhaAPI.API\MinhaAPI.API.csproj", "{80B3FC23-0B89-4923-8F65-088D916A1D1B}"
EndProject
Project("{FAE04EC0-301F-11D3-BF4B-00C04F79EFBC}") = "MinhaAPI.Business", "src\MinhaAPI.Business\MinhaAPI.Business.csproj", "{23A88B85-71D1-4599-AF93-7D62424399D0}"
EndProject
Project("{FAE04EC0-301F-11D3-BF4B-00C04F79EFBC}") = "MinhaAPI.Data", "src\MinhaAPI.Data\MinhaAPI.Data.csproj", "{2E01295A-A3F0-4973-800D-5B547F70423E}"
EndProject
Global
	GlobalSection(SolutionConfigurationPlatforms) = preSolution
		Debug|Any CPU = Debug|Any CPU
		Release|Any CPU = Release|Any CPU
	EndGlobalSection
	GlobalSection(ProjectConfigurationPlatforms) = postSolution
		{80B3FC23-0B89-4923-8F65-088D916A1D1B}.Debug|Any CPU.ActiveCfg = Debug|Any CPU
		{80B3FC23-0B89-4923-8F65-088D916A1D1B}.Debug|Any CPU.Build.0 = Debug|Any CPU
		{80B3FC23-0B89-4923-8F65-088D916A1D1B}.Release|Any CPU.ActiveCfg = Release|Any CPU
		{80B3FC23-0B89-4923-8F65-088D916A1D1B}.Release|Any CPU.Build.0 = Release|Any CPU
		{23A88B85-71D1-4599-AF93-7D62424399D0}.Debug|Any CPU.ActiveCfg = Debug|Any CPU
		{23A88B85-71D1-4599-AF93-7D62424399D0}.Debug|Any CPU.Build.0 = Debug|Any CPU
		{23A88B85-71D1-4599-AF93-7D62424399D0}.Release|Any CPU.ActiveCfg = Release|Any CPU
		{23A88B85-71D1-4599-AF93-7D62424399D0}.Release|Any CPU.Build.0 = Release|Any CPU
		{2E01295A-A3F0-4973-800D-5B547F70423E}.Debug|Any CPU.ActiveCfg = Debug|Any CPU
		{2E01295A-A3F0-4973-800D-5B547F70423E}.Debug|Any CPU.Build.0 = Debug|Any CPU
		{2E01295A-A3F0-4973-800D-5B547F70423E}.Release|Any CPU.ActiveCfg = Release|Any CPU
		{2E01295A-A3F0-4973-800D-5B547F70423E}.Release|Any CPU.Build.0 = Release|Any CPU
	EndGlobalSection
	GlobalSection(SolutionProperties) = preSolution
		HideSolutionNode = FALSE
	EndGlobalSection
	GlobalSection(ExtensibilityGlobals) = postSolution
		SolutionGuid = {059EA6CF-1AB3-4996-9256-9A454BB8D570}
	EndGlobalSection
EndGlobal
